
Microsoft Visual Studio Solution File, Format Version 12.00
# Visual Studio Version 17
VisualStudioVersion = 17.10.34916.146
MinimumVisualStudioVersion = 10.0.40219.1
Project("{FAE04EC0-301F-11D3-BF4B-00C04F79EFBC}") = "ConsoleApp1", "ConsoleApp1\ConsoleApp1.csproj", "{7CADBD2A-D11A-49E2-9E8F-664A77956AFC}"
EndProject
Global
	GlobalSection(SolutionConfigurationPlatforms) = preSolution
		Debug|Any CPU = Debug|Any CPU
		Release|Any CPU = Release|Any CPU
	EndGlobalSection
	GlobalSection(ProjectConfigurationPlatforms) = postSolution
		{7CADBD2A-D11A-49E2-9E8F-664A77956AFC}.Debug|Any CPU.ActiveCfg = Debug|Any CPU
		{7CADBD2A-D11A-49E2-9E8F-664A77956AFC}.Debug|Any CPU.Build.0 = Debug|Any CPU
		{7CADBD2A-D11A-49E2-9E8F-664A77956AFC}.Release|Any CPU.ActiveCfg = Release|Any CPU
		{7CADBD2A-D11A-49E2-9E8F-664A77956AFC}.Release|Any CPU.Build.0 = Release|Any CPU
	EndGlobalSection
	GlobalSection(SolutionProperties) = preSolution
		HideSolutionNode = FALSE
	EndGlobalSection
	GlobalSection(ExtensibilityGlobals) = postSolution
		SolutionGuid = {BE2626F6-DDA8-4300-8C70-D599B360F26E}
	EndGlobalSection
EndGlobal
