
Microsoft Visual Studio Solution File, Format Version 12.00
# Visual Studio Version 17
VisualStudioVersion = 17.10.34916.146
MinimumVisualStudioVersion = 10.0.40219.1
Project("{FAE04EC0-301F-11D3-BF4B-00C04F79EFBC}") = "ConsoleApp1", "ConsoleApp1\ConsoleApp1.csproj", "{0E312F2A-98EC-4481-9C86-41C76DFDC6EB}"
EndProject
Global
	GlobalSection(SolutionConfigurationPlatforms) = preSolution
		Debug|Any CPU = Debug|Any CPU
		Release|Any CPU = Release|Any CPU
	EndGlobalSection
	GlobalSection(ProjectConfigurationPlatforms) = postSolution
		{0E312F2A-98EC-4481-9C86-41C76DFDC6EB}.Debug|Any CPU.ActiveCfg = Debug|Any CPU
		{0E312F2A-98EC-4481-9C86-41C76DFDC6EB}.Debug|Any CPU.Build.0 = Debug|Any CPU
		{0E312F2A-98EC-4481-9C86-41C76DFDC6EB}.Release|Any CPU.ActiveCfg = Release|Any CPU
		{0E312F2A-98EC-4481-9C86-41C76DFDC6EB}.Release|Any CPU.Build.0 = Release|Any CPU
	EndGlobalSection
	GlobalSection(SolutionProperties) = preSolution
		HideSolutionNode = FALSE
	EndGlobalSection
	GlobalSection(ExtensibilityGlobals) = postSolution
		SolutionGuid = {855C89C4-66FF-42ED-A7F4-7BFC3594159C}
	EndGlobalSection
EndGlobal
