
Microsoft Visual Studio Solution File, Format Version 12.00
# Visual Studio Version 17
VisualStudioVersion = 17.10.34916.146
MinimumVisualStudioVersion = 10.0.40219.1
Project("{FAE04EC0-301F-11D3-BF4B-00C04F79EFBC}") = "ConsoleApp1", "ConsoleApp1\ConsoleApp1.csproj", "{63F2DA89-DC22-4841-A69A-9F6B48848684}"
EndProject
Global
	GlobalSection(SolutionConfigurationPlatforms) = preSolution
		Debug|Any CPU = Debug|Any CPU
		Release|Any CPU = Release|Any CPU
	EndGlobalSection
	GlobalSection(ProjectConfigurationPlatforms) = postSolution
		{63F2DA89-DC22-4841-A69A-9F6B48848684}.Debug|Any CPU.ActiveCfg = Debug|Any CPU
		{63F2DA89-DC22-4841-A69A-9F6B48848684}.Debug|Any CPU.Build.0 = Debug|Any CPU
		{63F2DA89-DC22-4841-A69A-9F6B48848684}.Release|Any CPU.ActiveCfg = Release|Any CPU
		{63F2DA89-DC22-4841-A69A-9F6B48848684}.Release|Any CPU.Build.0 = Release|Any CPU
	EndGlobalSection
	GlobalSection(SolutionProperties) = preSolution
		HideSolutionNode = FALSE
	EndGlobalSection
	GlobalSection(ExtensibilityGlobals) = postSolution
		SolutionGuid = {8934E6C3-3621-4F52-9A91-2B3E15FF30A8}
	EndGlobalSection
EndGlobal
