
Microsoft Visual Studio Solution File, Format Version 12.00
# Visual Studio Version 17
VisualStudioVersion = 17.10.34916.146
MinimumVisualStudioVersion = 10.0.40219.1
Project("{FAE04EC0-301F-11D3-BF4B-00C04F79EFBC}") = "ConsoleApp1", "ConsoleApp1\ConsoleApp1.csproj", "{EDC49837-BD71-45A5-8BD7-B5E46EC0EFAA}"
EndProject
Global
	GlobalSection(SolutionConfigurationPlatforms) = preSolution
		Debug|Any CPU = Debug|Any CPU
		Release|Any CPU = Release|Any CPU
	EndGlobalSection
	GlobalSection(ProjectConfigurationPlatforms) = postSolution
		{EDC49837-BD71-45A5-8BD7-B5E46EC0EFAA}.Debug|Any CPU.ActiveCfg = Debug|Any CPU
		{EDC49837-BD71-45A5-8BD7-B5E46EC0EFAA}.Debug|Any CPU.Build.0 = Debug|Any CPU
		{EDC49837-BD71-45A5-8BD7-B5E46EC0EFAA}.Release|Any CPU.ActiveCfg = Release|Any CPU
		{EDC49837-BD71-45A5-8BD7-B5E46EC0EFAA}.Release|Any CPU.Build.0 = Release|Any CPU
	EndGlobalSection
	GlobalSection(SolutionProperties) = preSolution
		HideSolutionNode = FALSE
	EndGlobalSection
	GlobalSection(ExtensibilityGlobals) = postSolution
		SolutionGuid = {05B0EBA7-4FBE-4ED7-B460-A0C5FB8291AE}
	EndGlobalSection
EndGlobal
